github.com/Chrede88/wowchemy-shortcode-figArray v0.0.0-20211105225721-e4f2dccd19d9 h1:grTL/UQvVB7ICbrW9QLc+tzxNwoPo2ihLtoYx6HsjvU=
github.com/Chrede88/wowchemy-shortcode-figArray v0.0.0-20211105225721-e4f2dccd19d9/go.mod h1:++oaqoV9CpTenvLkLS7XUCujg3tnHsraP2WI9a3MEZc=
github.com/HugoBlox/hugo-blox-builder/modules/blox-analytics v0.1.3 h1:RlzYOopMWua7wFWZr565QvvxkWaowal/aWsHlGMsSoY=
github.com/HugoBlox/hugo-blox-builder/modules/blox-analytics v0.1.3/go.mod h1:0YQtVvRLCzZOpPmbVNk7WDx8t19/QfRTFO+pwyqQNk8=
github.com/HugoBlox/hugo-blox-builder/modules/blox-bootstrap/v5 v5.9.7 h1:QPek2BL723n+uM4DjyV97qNIoPsmt/vnKAQyaGJbgvQ=
github.com/HugoBlox/hugo-blox-builder/modules/blox-bootstrap/v5 v5.9.7/go.mod h1:xZiTEEurbEwj/NhZohozvlyLCGVCT2wARHDAJeqKG/c=
github.com/HugoBlox/hugo-blox-builder/modules/blox-bootstrap/v5 v5.9.8-0.20241012174104-661cadc17327 h1:aKhll1k3EctTWSvLZYrkhz4ehSqo1+OX5Ho7LvfZR/0=
github.com/HugoBlox/hugo-blox-builder/modules/blox-bootstrap/v5 v5.9.8-0.20241012174104-661cadc17327/go.mod h1:+Itucnia7M8NWxaEys257x/34K4+POiBlR1yYCTrzBM=
github.com/HugoBlox/hugo-blox-builder/modules/blox-core v0.3.1/go.mod h1:So8+V2U+TNxlXmcpZfdDX0muLh3PdJ7z92h30sv3bZg=
github.com/HugoBlox/hugo-blox-builder/modules/blox-plugin-decap-cms v0.1.1 h1:S1XFRPGzdlmrmqRcE9t0cj9auYFz7+TNCvsuxtD3wQQ=
github.com/HugoBlox/hugo-blox-builder/modules/blox-plugin-decap-cms v0.1.1/go.mod h1:Njlsj3S1Z833TdX1nacJZzsiwGGhOq4Nilzo2BH/wQ8=
github.com/HugoBlox/hugo-blox-builder/modules/blox-plugin-decap-cms v0.1.2-0.20231108143325-448ed0e3bd2b h1:pOYZJXK2hahVeW/FcVuBoFdvtR3DpsDDZVcbGnMNEdQ=
github.com/HugoBlox/hugo-blox-builder/modules/blox-plugin-decap-cms v0.1.2-0.20231108143325-448ed0e3bd2b/go.mod h1:Njlsj3S1Z833TdX1nacJZzsiwGGhOq4Nilzo2BH/wQ8=
github.com/HugoBlox/hugo-blox-builder/modules/blox-plugin-netlify v1.1.1 h1:qlDCZWq7OhuwLr7/rDPXe8iGxam2t1kgLabZ9EP0VqM=
github.com/HugoBlox/hugo-blox-builder/modules/blox-plugin-netlify v1.1.1/go.mod h1:C7jfxMLv1bEUqbM9XDSmEpfOpS8w06OgqNDEcbuRgL4=
github.com/HugoBlox/hugo-blox-builder/modules/blox-plugin-netlify v1.1.2-0.20240509231741-c3d23d929bc6 h1:QIQqCc9DnS/PjhHCnyzxe5yhUMUYtJDMpRoaBtBk3VY=
github.com/HugoBlox/hugo-blox-builder/modules/blox-plugin-netlify v1.1.2-0.20240509231741-c3d23d929bc6/go.mod h1:C7jfxMLv1bEUqbM9XDSmEpfOpS8w06OgqNDEcbuRgL4=
github.com/HugoBlox/hugo-blox-builder/modules/blox-seo v0.2.2/go.mod h1:NsESu6cEms1DgH84icCyylElg2Zu8A0f7Fma5JR0LZE=
github.com/HugoBlox/hugo-blox-builder/modules/blox-seo v0.2.3/go.mod h1:NsESu6cEms1DgH84icCyylElg2Zu8A0f7Fma5JR0LZE=
github.com/HugoBlox/hugo-blox-builder/modules/blox-tailwind v0.3.1 h1:x2rcz2S0TTfkMVyd9dhQSStUecuE4t6c7hw1IrYJYHI=
github.com/HugoBlox/hugo-blox-builder/modules/blox-tailwind v0.3.1/go.mod h1:bUQKSt1XQhk60nSpI6D+MibQi6v8s7HghF5qoAtlhws=
github.com/hugomods/gravatar v0.2.0 h1:642HNhGN7Mw7qefNcUFJKzLoT2zJKt4IQkrS53mIUfA=
github.com/hugomods/gravatar v0.2.0/go.mod h1:oATWuh5u2XUK/ZKzOD0VEP5I/TZfVZwplTyhT61Q4Fc=
github.com/lukeorth/poison v0.0.0-20230703094142-cdb235ee750d h1:KeAnExUGZctEZ41WwEj1b3QRbdF4kHCud6T0RFNV6Y8=
github.com/lukeorth/poison v0.0.0-20230703094142-cdb235ee750d/go.mod h1:fYVpevZiA79ef8Q1DkUgg/MF53oy4mKFSFTnK+EeiO0=
github.com/mathjax/MathJax v0.0.0-20210617144258-7146ffa47956/go.mod h1:bgp6XP7Dtl25/x6vVIPVe2mkOCrg8wMk/A9gl0FzJLA=
github.com/mermaid-js/mermaid v10.4.0+incompatible h1:+9oAl9CB7IJ1lrz5rsZizd33wALqvcr9EJ+jcbHYdeQ=
github.com/mermaid-js/mermaid v10.4.0+incompatible/go.mod h1:pGJSm9DYANtp59DADJgNzFh1uIpkn5xaH3ZBdv1VNTI=
github.com/mermaid-js/mermaid v11.0.0+incompatible h1:gckGnI75ZbUInWVsVtx+EDR4Qwlg8qlchIt4PqwyXCQ=
github.com/mermaid-js/mermaid v11.0.0+incompatible/go.mod h1:pGJSm9DYANtp59DADJgNzFh1uIpkn5xaH3ZBdv1VNTI=
github.com/peaceiris/hugo-mod-mathjax v0.2.0 h1:GHsEarZ7Ko1UD9HJ1pjXQ/Ic+3ChGDuGmvYylWlQNwM=
github.com/peaceiris/hugo-mod-mathjax v0.2.0/go.mod h1:7FJooVihcCuB6+9lBZ6+rFaUu2VrpOTqO5xybz6sRxY=
github.com/r-lib/hugodown v0.0.0-20221123182313-f6f23dd74ce5 h1:d2BWFgJ96gT5oc1CrclsZ3+bN9Rl9n8I2yYL2lfTmyk=
github.com/r-lib/hugodown v0.0.0-20221123182313-f6f23dd74ce5/go.mod h1:d820oe1SH322wxSGuu39FVzBraxF7FqnfMtU04nlPds=
github.com/willfaught/paige v0.39.0 h1:b1ZLW3Rpo8duLS9Ouaw8B49T0h/iFNi4Zd6c5vertDw=
github.com/willfaught/paige v0.39.0/go.mod h1:0Nt8ifl7UVYQIBaMtpZmg+BrQHHzFNqKcrBoA2Oo4/E=
github.com/wowchemy/wowchemy-hugo-themes/modules/wowchemy-core v0.2.1-0.20231101183355-53a94b591ea8/go.mod h1:kJwI9H8dicHQCnP8G9EvUDI+oNg/yXcGsjGjwjXuM8I=
github.com/wowchemy/wowchemy-hugo-themes/modules/wowchemy-core v0.2.1-0.20231101183733-7b61e2f369e6/go.mod h1:kJwI9H8dicHQCnP8G9EvUDI+oNg/yXcGsjGjwjXuM8I=
github.com/wowchemy/wowchemy-hugo-themes/modules/wowchemy-plugin-netlify v1.0.0 h1:blRMoXNtlxnqXlVi4eCdPtTfVpJkH9J1f6tEKDXimCY=
github.com/wowchemy/wowchemy-hugo-themes/modules/wowchemy-plugin-netlify v1.0.0/go.mod h1:s40UgLsWfVyCLQ2F4F3dBcNfZOXcPGld7KxsKhZdzvM=
github.com/wowchemy/wowchemy-hugo-themes/modules/wowchemy-plugin-netlify-cms v1.0.0 h1:WCbC3jjXAcFGUWn5W1QUk5tzNq4x4NcyqABI/s0SnWw=
github.com/wowchemy/wowchemy-hugo-themes/modules/wowchemy-plugin-netlify-cms v1.0.0/go.mod h1:X1mETJo6Lkv9tEgfU0UYFRiRInf0RbgW+s1RKXB4GMA=
github.com/wowchemy/wowchemy-hugo-themes/modules/wowchemy-seo v0.1.1-0.20231101183733-7b61e2f369e6/go.mod h1:ecSfomc5wqJSsZb+WuOJGMqCDxONsooRuWmIObTOpR0=
github.com/wowchemy/wowchemy-hugo-themes/modules/wowchemy/v5 v5.6.0 h1:l7FIPHFJ8KKktS8Nrfk/u47PkDTbg6TNHg4VY3g41Xc=
github.com/wowchemy/wowchemy-hugo-themes/modules/wowchemy/v5 v5.6.0/go.mod h1:EfRfz/zhkliLPRWYdXRatho64juF3EFaJnciCi5YzwA=
github.com/wowchemy/wowchemy-hugo-themes/modules/wowchemy/v5 v5.9.0 h1:k7vB8NFZ39dWr8MHemJE+MSClGnFN7OrCBa8so/v+UA=
github.com/wowchemy/wowchemy-hugo-themes/modules/wowchemy/v5 v5.9.0/go.mod h1:lt2bI75FiRLJ5Z6BnzfVtag2hBpIISLduGq6I8KkLEE=
